
Microsoft Visual Studio Solution File, Format Version 12.00
# Visual Studio Version 16
VisualStudioVersion = 16.0.30517.126
MinimumVisualStudioVersion = 10.0.40219.1
Project("{9A19103F-16F7-4668-BE54-9A1E7A4F7556}") = "TelegramWeatherBot", "TelegramWeatherBot\TelegramWeatherBot.csproj", "{A9D0C855-E222-40AF-9131-450DE35DFA33}"
	ProjectSection(ProjectDependencies) = postProject
		{72C027CF-B133-4446-B097-0E5A2D604783} = {72C027CF-B133-4446-B097-0E5A2D604783}
	EndProjectSection
EndProject
Project("{9A19103F-16F7-4668-BE54-9A1E7A4F7556}") = "RabbitChat", "RabbitChat\RabbitChat\RabbitChat.csproj", "{72C027CF-B133-4446-B097-0E5A2D604783}"
EndProject
Project("{9A19103F-16F7-4668-BE54-9A1E7A4F7556}") = "Credentials", "Credentials\Credentials\Credentials.csproj", "{7933A884-D260-4116-A075-77B9CD49E047}"
EndProject
Project("{FAE04EC0-301F-11D3-BF4B-00C04F79EFBC}") = "Deploy", "Deploy\Deploy.csproj", "{198DB56E-1133-4728-BBB0-7AFC51005BCD}"
EndProject
Global
	GlobalSection(SolutionConfigurationPlatforms) = preSolution
		Debug|Any CPU = Debug|Any CPU
		Release|Any CPU = Release|Any CPU
	EndGlobalSection
	GlobalSection(ProjectConfigurationPlatforms) = postSolution
		{A9D0C855-E222-40AF-9131-450DE35DFA33}.Debug|Any CPU.ActiveCfg = Debug|Any CPU
		{A9D0C855-E222-40AF-9131-450DE35DFA33}.Debug|Any CPU.Build.0 = Debug|Any CPU
		{A9D0C855-E222-40AF-9131-450DE35DFA33}.Release|Any CPU.ActiveCfg = Release|Any CPU
		{A9D0C855-E222-40AF-9131-450DE35DFA33}.Release|Any CPU.Build.0 = Release|Any CPU
		{72C027CF-B133-4446-B097-0E5A2D604783}.Debug|Any CPU.ActiveCfg = Debug|Any CPU
		{72C027CF-B133-4446-B097-0E5A2D604783}.Debug|Any CPU.Build.0 = Debug|Any CPU
		{72C027CF-B133-4446-B097-0E5A2D604783}.Release|Any CPU.ActiveCfg = Release|Any CPU
		{72C027CF-B133-4446-B097-0E5A2D604783}.Release|Any CPU.Build.0 = Release|Any CPU
		{7933A884-D260-4116-A075-77B9CD49E047}.Debug|Any CPU.ActiveCfg = Debug|Any CPU
		{7933A884-D260-4116-A075-77B9CD49E047}.Debug|Any CPU.Build.0 = Debug|Any CPU
		{7933A884-D260-4116-A075-77B9CD49E047}.Release|Any CPU.ActiveCfg = Release|Any CPU
		{7933A884-D260-4116-A075-77B9CD49E047}.Release|Any CPU.Build.0 = Release|Any CPU
		{198DB56E-1133-4728-BBB0-7AFC51005BCD}.Debug|Any CPU.ActiveCfg = Debug|Any CPU
		{198DB56E-1133-4728-BBB0-7AFC51005BCD}.Debug|Any CPU.Build.0 = Debug|Any CPU
		{198DB56E-1133-4728-BBB0-7AFC51005BCD}.Release|Any CPU.ActiveCfg = Release|Any CPU
		{198DB56E-1133-4728-BBB0-7AFC51005BCD}.Release|Any CPU.Build.0 = Release|Any CPU
	EndGlobalSection
	GlobalSection(SolutionProperties) = preSolution
		HideSolutionNode = FALSE
	EndGlobalSection
	GlobalSection(ExtensibilityGlobals) = postSolution
		SolutionGuid = {71CC6163-4DA4-4DD8-9925-49A87194CF1B}
	EndGlobalSection
EndGlobal
